
Microsoft Visual Studio Solution File, Format Version 12.00
Project("{FAE04EC0-301F-11D3-BF4B-00C04F79EFBC}") = "WebApp", "WebApp\WebApp.csproj", "{A58B3CBB-5457-4D64-A50A-F7ECEB9F1CD1}"
EndProject
Project("{FAE04EC0-301F-11D3-BF4B-00C04F79EFBC}") = "App.Domain", "App.Domain\App.Domain.csproj", "{FCDCEF16-41EB-4DE6-992B-79638EA29C5A}"
EndProject
Project("{FAE04EC0-301F-11D3-BF4B-00C04F79EFBC}") = "Base.Domain", "Base.Domain\Base.Domain.csproj", "{B37D09D3-E3F8-4AAA-9F1A-68BB3118E066}"
EndProject
Project("{2150E333-8FDC-42A3-9474-1A3956D46DE8}") = "1_App", "1_App", "{B918843A-1D7B-4F29-9D4E-14820ACCF028}"
EndProject
Project("{2150E333-8FDC-42A3-9474-1A3956D46DE8}") = "2_Base", "2_Base", "{1C31534C-835E-45B4-959D-5B5C3EE42498}"
EndProject
Project("{2150E333-8FDC-42A3-9474-1A3956D46DE8}") = "0_Solution_Items", "0_Solution_Items", "{F82B080A-E768-4339-9EF0-00520D52B4B2}"
	ProjectSection(SolutionItems) = preProject
		..\..\README.md = ..\..\README.md
		docker-compose.yml = docker-compose.yml
		.gitignore = .gitignore
		Directory.Build.props = Directory.Build.props
	EndProjectSection
EndProject
Project("{FAE04EC0-301F-11D3-BF4B-00C04F79EFBC}") = "Base.Contracts.Domain", "Base.Contracts.Domain\Base.Contracts.Domain.csproj", "{9C36DD09-DE0D-40B0-AD1A-EF8140F812CC}"
EndProject
Project("{FAE04EC0-301F-11D3-BF4B-00C04F79EFBC}") = "App.DAL.EF", "App.DAL.EF\App.DAL.EF.csproj", "{29ADE116-C1C8-416D-A864-C2B18E86C8DF}"
EndProject
Project("{FAE04EC0-301F-11D3-BF4B-00C04F79EFBC}") = "Base.Contracts.DAL", "Base.Contracts.DAL\Base.Contracts.DAL.csproj", "{954ABECA-89EC-4235-953E-34B865E680F5}"
EndProject
Project("{FAE04EC0-301F-11D3-BF4B-00C04F79EFBC}") = "Base.DAL.EF", "Base.DAL.EF\Base.DAL.EF.csproj", "{3D8C452C-3260-42D1-AD5A-2EEF4B05FD33}"
EndProject
Project("{FAE04EC0-301F-11D3-BF4B-00C04F79EFBC}") = "App.Contracts.DAL", "App.Contracts.DAL\App.Contracts.DAL.csproj", "{99C6DD8F-AE70-4AB1-9D20-D2D39A73792B}"
EndProject
Global
	GlobalSection(SolutionConfigurationPlatforms) = preSolution
		Debug|Any CPU = Debug|Any CPU
		Release|Any CPU = Release|Any CPU
	EndGlobalSection
	GlobalSection(ProjectConfigurationPlatforms) = postSolution
		{A58B3CBB-5457-4D64-A50A-F7ECEB9F1CD1}.Debug|Any CPU.ActiveCfg = Debug|Any CPU
		{A58B3CBB-5457-4D64-A50A-F7ECEB9F1CD1}.Debug|Any CPU.Build.0 = Debug|Any CPU
		{A58B3CBB-5457-4D64-A50A-F7ECEB9F1CD1}.Release|Any CPU.ActiveCfg = Release|Any CPU
		{A58B3CBB-5457-4D64-A50A-F7ECEB9F1CD1}.Release|Any CPU.Build.0 = Release|Any CPU
		{FCDCEF16-41EB-4DE6-992B-79638EA29C5A}.Debug|Any CPU.ActiveCfg = Debug|Any CPU
		{FCDCEF16-41EB-4DE6-992B-79638EA29C5A}.Debug|Any CPU.Build.0 = Debug|Any CPU
		{FCDCEF16-41EB-4DE6-992B-79638EA29C5A}.Release|Any CPU.ActiveCfg = Release|Any CPU
		{FCDCEF16-41EB-4DE6-992B-79638EA29C5A}.Release|Any CPU.Build.0 = Release|Any CPU
		{B37D09D3-E3F8-4AAA-9F1A-68BB3118E066}.Debug|Any CPU.ActiveCfg = Debug|Any CPU
		{B37D09D3-E3F8-4AAA-9F1A-68BB3118E066}.Debug|Any CPU.Build.0 = Debug|Any CPU
		{B37D09D3-E3F8-4AAA-9F1A-68BB3118E066}.Release|Any CPU.ActiveCfg = Release|Any CPU
		{B37D09D3-E3F8-4AAA-9F1A-68BB3118E066}.Release|Any CPU.Build.0 = Release|Any CPU
		{9C36DD09-DE0D-40B0-AD1A-EF8140F812CC}.Debug|Any CPU.ActiveCfg = Debug|Any CPU
		{9C36DD09-DE0D-40B0-AD1A-EF8140F812CC}.Debug|Any CPU.Build.0 = Debug|Any CPU
		{9C36DD09-DE0D-40B0-AD1A-EF8140F812CC}.Release|Any CPU.ActiveCfg = Release|Any CPU
		{9C36DD09-DE0D-40B0-AD1A-EF8140F812CC}.Release|Any CPU.Build.0 = Release|Any CPU
		{29ADE116-C1C8-416D-A864-C2B18E86C8DF}.Debug|Any CPU.ActiveCfg = Debug|Any CPU
		{29ADE116-C1C8-416D-A864-C2B18E86C8DF}.Debug|Any CPU.Build.0 = Debug|Any CPU
		{29ADE116-C1C8-416D-A864-C2B18E86C8DF}.Release|Any CPU.ActiveCfg = Release|Any CPU
		{29ADE116-C1C8-416D-A864-C2B18E86C8DF}.Release|Any CPU.Build.0 = Release|Any CPU
		{954ABECA-89EC-4235-953E-34B865E680F5}.Debug|Any CPU.ActiveCfg = Debug|Any CPU
		{954ABECA-89EC-4235-953E-34B865E680F5}.Debug|Any CPU.Build.0 = Debug|Any CPU
		{954ABECA-89EC-4235-953E-34B865E680F5}.Release|Any CPU.ActiveCfg = Release|Any CPU
		{954ABECA-89EC-4235-953E-34B865E680F5}.Release|Any CPU.Build.0 = Release|Any CPU
		{3D8C452C-3260-42D1-AD5A-2EEF4B05FD33}.Debug|Any CPU.ActiveCfg = Debug|Any CPU
		{3D8C452C-3260-42D1-AD5A-2EEF4B05FD33}.Debug|Any CPU.Build.0 = Debug|Any CPU
		{3D8C452C-3260-42D1-AD5A-2EEF4B05FD33}.Release|Any CPU.ActiveCfg = Release|Any CPU
		{3D8C452C-3260-42D1-AD5A-2EEF4B05FD33}.Release|Any CPU.Build.0 = Release|Any CPU
		{99C6DD8F-AE70-4AB1-9D20-D2D39A73792B}.Debug|Any CPU.ActiveCfg = Debug|Any CPU
		{99C6DD8F-AE70-4AB1-9D20-D2D39A73792B}.Debug|Any CPU.Build.0 = Debug|Any CPU
		{99C6DD8F-AE70-4AB1-9D20-D2D39A73792B}.Release|Any CPU.ActiveCfg = Release|Any CPU
		{99C6DD8F-AE70-4AB1-9D20-D2D39A73792B}.Release|Any CPU.Build.0 = Release|Any CPU
	EndGlobalSection
	GlobalSection(NestedProjects) = preSolution
		{FCDCEF16-41EB-4DE6-992B-79638EA29C5A} = {B918843A-1D7B-4F29-9D4E-14820ACCF028}
		{B37D09D3-E3F8-4AAA-9F1A-68BB3118E066} = {1C31534C-835E-45B4-959D-5B5C3EE42498}
		{A58B3CBB-5457-4D64-A50A-F7ECEB9F1CD1} = {B918843A-1D7B-4F29-9D4E-14820ACCF028}
		{9C36DD09-DE0D-40B0-AD1A-EF8140F812CC} = {1C31534C-835E-45B4-959D-5B5C3EE42498}
		{29ADE116-C1C8-416D-A864-C2B18E86C8DF} = {B918843A-1D7B-4F29-9D4E-14820ACCF028}
		{954ABECA-89EC-4235-953E-34B865E680F5} = {1C31534C-835E-45B4-959D-5B5C3EE42498}
		{3D8C452C-3260-42D1-AD5A-2EEF4B05FD33} = {1C31534C-835E-45B4-959D-5B5C3EE42498}
		{99C6DD8F-AE70-4AB1-9D20-D2D39A73792B} = {B918843A-1D7B-4F29-9D4E-14820ACCF028}
	EndGlobalSection
EndGlobal
